// !$*UTF8*$!
{
	archiveVersion = 1;
	classes = {
	};
	objectVersion = 77;
	objects = {

/* Begin PBXContainerItemProxy section */
		BAAC2EDB2D85558F00EC20A9 /* PBXContainerItemProxy */ = {
			isa = PBXContainerItemProxy;
			containerPortal = BAAC2EC22D85558E00EC20A9 /* Project object */;
			proxyType = 1;
			remoteGlobalIDString = BAAC2EC92D85558E00EC20A9;
			remoteInfo = heartdiseasepredict;
		};
		BAAC2EE52D85558F00EC20A9 /* PBXContainerItemProxy */ = {
			isa = PBXContainerItemProxy;
			containerPortal = BAAC2EC22D85558E00EC20A9 /* Project object */;
			proxyType = 1;
			remoteGlobalIDString = BAAC2EC92D85558E00EC20A9;
			remoteInfo = heartdiseasepredict;
		};
/* End PBXContainerItemProxy section */

/* Begin PBXFileReference section */
		BAAC2ECA2D85558E00EC20A9 /* heartdiseasepredict.app */ = {isa = PBXFileReference; explicitFileType = wrapper.application; includeInIndex = 0; path = heartdiseasepredict.app; sourceTree = BUILT_PRODUCTS_DIR; };
		BAAC2EDA2D85558F00EC20A9 /* heartdiseasepredictTests.xctest */ = {isa = PBXFileReference; explicitFileType = wrapper.cfbundle; includeInIndex = 0; path = heartdiseasepredictTests.xctest; sourceTree = BUILT_PRODUCTS_DIR; };
		BAAC2EE42D85558F00EC20A9 /* heartdiseasepredictUITests.xctest */ = {isa = PBXFileReference; explicitFileType = wrapper.cfbundle; includeInIndex = 0; path = heartdiseasepredictUITests.xctest; sourceTree = BUILT_PRODUCTS_DIR; };
/* End PBXFileReference section */

/* Begin PBXFileSystemSynchronizedRootGroup section */
		BAAC2ECC2D85558E00EC20A9 /* heartdiseasepredict */ = {
			isa = PBXFileSystemSynchronizedRootGroup;
			path = heartdiseasepredict;
			sourceTree = "<group>";
		};
		BAAC2EDD2D85558F00EC20A9 /* heartdiseasepredictTests */ = {
			isa = PBXFileSystemSynchronizedRootGroup;
			path = heartdiseasepredictTests;
			sourceTree = "<group>";
		};
		BAAC2EE72D85558F00EC20A9 /* heartdiseasepredictUITests */ = {
			isa = PBXFileSystemSynchronizedRootGroup;
			path = heartdiseasepredictUITests;
			sourceTree = "<group>";
		};
/* End PBXFileSystemSynchronizedRootGroup section */

/* Begin PBXFrameworksBuildPhase section */
		BAAC2EC72D85558E00EC20A9 /* Frameworks */ = {
			isa = PBXFrameworksBuildPhase;
			buildActionMask = 2147483647;
			files = (
			);
			runOnlyForDeploymentPostprocessing = 0;
		};
		BAAC2ED72D85558F00EC20A9 /* Frameworks */ = {
			isa = PBXFrameworksBuildPhase;
			buildActionMask = 2147483647;
			files = (
			);
			runOnlyForDeploymentPostprocessing = 0;
		};
		BAAC2EE12D85558F00EC20A9 /* Frameworks */ = {
			isa = PBXFrameworksBuildPhase;
			buildActionMask = 2147483647;
			files = (
			);
			runOnlyForDeploymentPostprocessing = 0;
		};
/* End PBXFrameworksBuildPhase section */

/* Begin PBXGroup section */
		BAAC2EC12D85558E00EC20A9 = {
			isa = PBXGroup;
			children = (
				BAAC2ECC2D85558E00EC20A9 /* heartdiseasepredict */,
				BAAC2EDD2D85558F00EC20A9 /* heartdiseasepredictTests */,
				BAAC2EE72D85558F00EC20A9 /* heartdiseasepredictUITests */,
				BAAC2ECB2D85558E00EC20A9 /* Products */,
			);
			sourceTree = "<group>";
		};
		BAAC2ECB2D85558E00EC20A9 /* Products */ = {
			isa = PBXGroup;
			children = (
				BAAC2ECA2D85558E00EC20A9 /* heartdiseasepredict.app */,
				BAAC2EDA2D85558F00EC20A9 /* heartdiseasepredictTests.xctest */,
				BAAC2EE42D85558F00EC20A9 /* heartdiseasepredictUITests.xctest */,
			);
			name = Products;
			sourceTree = "<group>";
		};
/* End PBXGroup section */

/* Begin PBXNativeTarget section */
		BAAC2EC92D85558E00EC20A9 /* heartdiseasepredict */ = {
			isa = PBXNativeTarget;
			buildConfigurationList = BAAC2EEE2D85558F00EC20A9 /* Build configuration list for PBXNativeTarget "heartdiseasepredict" */;
			buildPhases = (
				BAAC2EC62D85558E00EC20A9 /* Sources */,
				BAAC2EC72D85558E00EC20A9 /* Frameworks */,
				BAAC2EC82D85558E00EC20A9 /* Resources */,
			);
			buildRules = (
			);
			dependencies = (
			);
			fileSystemSynchronizedGroups = (
				BAAC2ECC2D85558E00EC20A9 /* heartdiseasepredict */,
			);
			name = heartdiseasepredict;
			packageProductDependencies = (
			);
			productName = heartdiseasepredict;
			productReference = BAAC2ECA2D85558E00EC20A9 /* heartdiseasepredict.app */;
			productType = "com.apple.product-type.application";
		};
		BAAC2ED92D85558F00EC20A9 /* heartdiseasepredictTests */ = {
			isa = PBXNativeTarget;
			buildConfigurationList = BAAC2EF12D85558F00EC20A9 /* Build configuration list for PBXNativeTarget "heartdiseasepredictTests" */;
			buildPhases = (
				BAAC2ED62D85558F00EC20A9 /* Sources */,
				BAAC2ED72D85558F00EC20A9 /* Frameworks */,
				BAAC2ED82D85558F00EC20A9 /* Resources */,
			);
			buildRules = (
			);
			dependencies = (
				BAAC2EDC2D85558F00EC20A9 /* PBXTargetDependency */,
			);
			fileSystemSynchronizedGroups = (
				BAAC2EDD2D85558F00EC20A9 /* heartdiseasepredictTests */,
			);
			name = heartdiseasepredictTests;
			packageProductDependencies = (
			);
			productName = heartdiseasepredictTests;
			productReference = BAAC2EDA2D85558F00EC20A9 /* heartdiseasepredictTests.xctest */;
			productType = "com.apple.product-type.bundle.unit-test";
		};
		BAAC2EE32D85558F00EC20A9 /* heartdiseasepredictUITests */ = {
			isa = PBXNativeTarget;
			buildConfigurationList = BAAC2EF42D85558F00EC20A9 /* Build configuration list for PBXNativeTarget "heartdiseasepredictUITests" */;
			buildPhases = (
				BAAC2EE02D85558F00EC20A9 /* Sources */,
				BAAC2EE12D85558F00EC20A9 /* Frameworks */,
				BAAC2EE22D85558F00EC20A9 /* Resources */,
			);
			buildRules = (
			);
			dependencies = (
				BAAC2EE62D85558F00EC20A9 /* PBXTargetDependency */,
			);
			fileSystemSynchronizedGroups = (
				BAAC2EE72D85558F00EC20A9 /* heartdiseasepredictUITests */,
			);
			name = heartdiseasepredictUITests;
			packageProductDependencies = (
			);
			productName = heartdiseasepredictUITests;
			productReference = BAAC2EE42D85558F00EC20A9 /* heartdiseasepredictUITests.xctest */;
			productType = "com.apple.product-type.bundle.ui-testing";
		};
/* End PBXNativeTarget section */

/* Begin PBXProject section */
		BAAC2EC22D85558E00EC20A9 /* Project object */ = {
			isa = PBXProject;
			attributes = {
				BuildIndependentTargetsInParallel = 1;
				LastSwiftUpdateCheck = 1600;
				LastUpgradeCheck = 1600;
				TargetAttributes = {
					BAAC2EC92D85558E00EC20A9 = {
						CreatedOnToolsVersion = 16.0;
					};
					BAAC2ED92D85558F00EC20A9 = {
						CreatedOnToolsVersion = 16.0;
						TestTargetID = BAAC2EC92D85558E00EC20A9;
					};
					BAAC2EE32D85558F00EC20A9 = {
						CreatedOnToolsVersion = 16.0;
						TestTargetID = BAAC2EC92D85558E00EC20A9;
					};
				};
			};
			buildConfigurationList = BAAC2EC52D85558E00EC20A9 /* Build configuration list for PBXProject "heartdiseasepredict" */;
			developmentRegion = en;
			hasScannedForEncodings = 0;
			knownRegions = (
				en,
				Base,
			);
			mainGroup = BAAC2EC12D85558E00EC20A9;
			minimizedProjectReferenceProxies = 1;
			preferredProjectObjectVersion = 77;
			productRefGroup = BAAC2ECB2D85558E00EC20A9 /* Products */;
			projectDirPath = "";
			projectRoot = "";
			targets = (
				BAAC2EC92D85558E00EC20A9 /* heartdiseasepredict */,
				BAAC2ED92D85558F00EC20A9 /* heartdiseasepredictTests */,
				BAAC2EE32D85558F00EC20A9 /* heartdiseasepredictUITests */,
			);
		};
/* End PBXProject section */

/* Begin PBXResourcesBuildPhase section */
		BAAC2EC82D85558E00EC20A9 /* Resources */ = {
			isa = PBXResourcesBuildPhase;
			buildActionMask = 2147483647;
			files = (
			);
			runOnlyForDeploymentPostprocessing = 0;
		};
		BAAC2ED82D85558F00EC20A9 /* Resources */ = {
			isa = PBXResourcesBuildPhase;
			buildActionMask = 2147483647;
			files = (
			);
			runOnlyForDeploymentPostprocessing = 0;
		};
		BAAC2EE22D85558F00EC20A9 /* Resources */ = {
			isa = PBXResourcesBuildPhase;
			buildActionMask = 2147483647;
			files = (
			);
			runOnlyForDeploymentPostprocessing = 0;
		};
/* End PBXResourcesBuildPhase section */

/* Begin PBXSourcesBuildPhase section */
		BAAC2EC62D85558E00EC20A9 /* Sources */ = {
			isa = PBXSourcesBuildPhase;
			buildActionMask = 2147483647;
			files = (
			);
			runOnlyForDeploymentPostprocessing = 0;
		};
		BAAC2ED62D85558F00EC20A9 /* Sources */ = {
			isa = PBXSourcesBuildPhase;
			buildActionMask = 2147483647;
			files = (
			);
			runOnlyForDeploymentPostprocessing = 0;
		};
		BAAC2EE02D85558F00EC20A9 /* Sources */ = {
			isa = PBXSourcesBuildPhase;
			buildActionMask = 2147483647;
			files = (
			);
			runOnlyForDeploymentPostprocessing = 0;
		};
/* End PBXSourcesBuildPhase section */

/* Begin PBXTargetDependency section */
		BAAC2EDC2D85558F00EC20A9 /* PBXTargetDependency */ = {
			isa = PBXTargetDependency;
			target = BAAC2EC92D85558E00EC20A9 /* heartdiseasepredict */;
			targetProxy = BAAC2EDB2D85558F00EC20A9 /* PBXContainerItemProxy */;
		};
		BAAC2EE62D85558F00EC20A9 /* PBXTargetDependency */ = {
			isa = PBXTargetDependency;
			target = BAAC2EC92D85558E00EC20A9 /* heartdiseasepredict */;
			targetProxy = BAAC2EE52D85558F00EC20A9 /* PBXContainerItemProxy */;
		};
/* End PBXTargetDependency section */

/* Begin XCBuildConfiguration section */
		BAAC2EEC2D85558F00EC20A9 /* Debug */ = {
			isa = XCBuildConfiguration;
			buildSettings = {
				ALWAYS_SEARCH_USER_PATHS = NO;
				ASSETCATALOG_COMPILER_GENERATE_SWIFT_ASSET_SYMBOL_EXTENSIONS = YES;
				CLANG_ANALYZER_NONNULL = YES;
				CLANG_ANALYZER_NUMBER_OBJECT_CONVERSION = YES_AGGRESSIVE;
				CLANG_CXX_LANGUAGE_STANDARD = "gnu++20";
				CLANG_ENABLE_MODULES = YES;
				CLANG_ENABLE_OBJC_ARC = YES;
				CLANG_ENABLE_OBJC_WEAK = YES;
				CLANG_WARN_BLOCK_CAPTURE_AUTORELEASING = YES;
				CLANG_WARN_BOOL_CONVERSION = YES;
				CLANG_WARN_COMMA = YES;
				CLANG_WARN_CONSTANT_CONVERSION = YES;
				CLANG_WARN_DEPRECATED_OBJC_IMPLEMENTATIONS = YES;
				CLANG_WARN_DIRECT_OBJC_ISA_USAGE = YES_ERROR;
				CLANG_WARN_DOCUMENTATION_COMMENTS = YES;
				CLANG_WARN_EMPTY_BODY = YES;
				CLANG_WARN_ENUM_CONVERSION = YES;
				CLANG_WARN_INFINITE_RECURSION = YES;
				CLANG_WARN_INT_CONVERSION = YES;
				CLANG_WARN_NON_LITERAL_NULL_CONVERSION = YES;
				CLANG_WARN_OBJC_IMPLICIT_RETAIN_SELF = YES;
				CLANG_WARN_OBJC_LITERAL_CONVERSION = YES;
				CLANG_WARN_OBJC_ROOT_CLASS = YES_ERROR;
				CLANG_WARN_QUOTED_INCLUDE_IN_FRAMEWORK_HEADER = YES;
				CLANG_WARN_RANGE_LOOP_ANALYSIS = YES;
				CLANG_WARN_STRICT_PROTOTYPES = YES;
				CLANG_WARN_SUSPICIOUS_MOVE = YES;
				CLANG_WARN_UNGUARDED_AVAILABILITY = YES_AGGRESSIVE;
				CLANG_WARN_UNREACHABLE_CODE = YES;
				CLANG_WARN__DUPLICATE_METHOD_MATCH = YES;
				COPY_PHASE_STRIP = NO;
				DEBUG_INFORMATION_FORMAT = dwarf;
				ENABLE_STRICT_OBJC_MSGSEND = YES;
				ENABLE_TESTABILITY = YES;
				ENABLE_USER_SCRIPT_SANDBOXING = YES;
				GCC_C_LANGUAGE_STANDARD = gnu17;
				GCC_DYNAMIC_NO_PIC = NO;
				GCC_NO_COMMON_BLOCKS = YES;
				GCC_OPTIMIZATION_LEVEL = 0;
				GCC_PREPROCESSOR_DEFINITIONS = (
					"DEBUG=1",
					"$(inherited)",
				);
				GCC_WARN_64_TO_32_BIT_CONVERSION = YES;
				GCC_WARN_ABOUT_RETURN_TYPE = YES_ERROR;
				GCC_WARN_UNDECLARED_SELECTOR = YES;
				GCC_WARN_UNINITIALIZED_AUTOS = YES_AGGRESSIVE;
				GCC_WARN_UNUSED_FUNCTION = YES;
				GCC_WARN_UNUSED_VARIABLE = YES;
				IPHONEOS_DEPLOYMENT_TARGET = 18.0;
				LOCALIZATION_PREFERS_STRING_CATALOGS = YES;
				MTL_ENABLE_DEBUG_INFO = INCLUDE_SOURCE;
				MTL_FAST_MATH = YES;
				ONLY_ACTIVE_ARCH = YES;
				SDKROOT = iphoneos;
				SWIFT_ACTIVE_COMPILATION_CONDITIONS = "DEBUG $(inherited)";
				SWIFT_OPTIMIZATION_LEVEL = "-Onone";
			};
			name = Debug;
		};
		BAAC2EED2D85558F00EC20A9 /* Release */ = {
			isa = XCBuildConfiguration;
			buildSettings = {
				ALWAYS_SEARCH_USER_PATHS = NO;
				ASSETCATALOG_COMPILER_GENERATE_SWIFT_ASSET_SYMBOL_EXTENSIONS = YES;
				CLANG_ANALYZER_NONNULL = YES;
				CLANG_ANALYZER_NUMBER_OBJECT_CONVERSION = YES_AGGRESSIVE;
				CLANG_CXX_LANGUAGE_STANDARD = "gnu++20";
				CLANG_ENABLE_MODULES = YES;
				CLANG_ENABLE_OBJC_ARC = YES;
				CLANG_ENABLE_OBJC_WEAK = YES;
				CLANG_WARN_BLOCK_CAPTURE_AUTORELEASING = YES;
				CLANG_WARN_BOOL_CONVERSION = YES;
				CLANG_WARN_COMMA = YES;
				CLANG_WARN_CONSTANT_CONVERSION = YES;
				CLANG_WARN_DEPRECATED_OBJC_IMPLEMENTATIONS = YES;
				CLANG_WARN_DIRECT_OBJC_ISA_USAGE = YES_ERROR;
				CLANG_WARN_DOCUMENTATION_COMMENTS = YES;
				CLANG_WARN_EMPTY_BODY = YES;
				CLANG_WARN_ENUM_CONVERSION = YES;
				CLANG_WARN_INFINITE_RECURSION = YES;
				CLANG_WARN_INT_CONVERSION = YES;
				CLANG_WARN_NON_LITERAL_NULL_CONVERSION = YES;
				CLANG_WARN_OBJC_IMPLICIT_RETAIN_SELF = YES;
				CLANG_WARN_OBJC_LITERAL_CONVERSION = YES;
				CLANG_WARN_OBJC_ROOT_CLASS = YES_ERROR;
				CLANG_WARN_QUOTED_INCLUDE_IN_FRAMEWORK_HEADER = YES;
				CLANG_WARN_RANGE_LOOP_ANALYSIS = YES;
				CLANG_WARN_STRICT_PROTOTYPES = YES;
				CLANG_WARN_SUSPICIOUS_MOVE = YES;
				CLANG_WARN_UNGUARDED_AVAILABILITY = YES_AGGRESSIVE;
				CLANG_WARN_UNREACHABLE_CODE = YES;
				CLANG_WARN__DUPLICATE_METHOD_MATCH = YES;
				COPY_PHASE_STRIP = NO;
				DEBUG_INFORMATION_FORMAT = "dwarf-with-dsym";
				ENABLE_NS_ASSERTIONS = NO;
				ENABLE_STRICT_OBJC_MSGSEND = YES;
				ENABLE_USER_SCRIPT_SANDBOXING = YES;
				GCC_C_LANGUAGE_STANDARD = gnu17;
				GCC_NO_COMMON_BLOCKS = YES;
				GCC_WARN_64_TO_32_BIT_CONVERSION = YES;
				GCC_WARN_ABOUT_RETURN_TYPE = YES_ERROR;
				GCC_WARN_UNDECLARED_SELECTOR = YES;
				GCC_WARN_UNINITIALIZED_AUTOS = YES_AGGRESSIVE;
				GCC_WARN_UNUSED_FUNCTION = YES;
				GCC_WARN_UNUSED_VARIABLE = YES;
				IPHONEOS_DEPLOYMENT_TARGET = 18.0;
				LOCALIZATION_PREFERS_STRING_CATALOGS = YES;
				MTL_ENABLE_DEBUG_INFO = NO;
				MTL_FAST_MATH = YES;
				SDKROOT = iphoneos;
				SWIFT_COMPILATION_MODE = wholemodule;
				VALIDATE_PRODUCT = YES;
			};
			name = Release;
		};
		BAAC2EEF2D85558F00EC20A9 /* Debug */ = {
			isa = XCBuildConfiguration;
			buildSettings = {
				ASSETCATALOG_COMPILER_APPICON_NAME = AppIcon;
				ASSETCATALOG_COMPILER_GLOBAL_ACCENT_COLOR_NAME = AccentColor;
				CODE_SIGN_STYLE = Automatic;
				CURRENT_PROJECT_VERSION = 1;
				DEVELOPMENT_ASSET_PATHS = "\"heartdiseasepredict/Preview Content\"";
				DEVELOPMENT_TEAM = F6T3XX845H;
				ENABLE_PREVIEWS = YES;
				GENERATE_INFOPLIST_FILE = YES;
				INFOPLIST_KEY_UIApplicationSceneManifest_Generation = YES;
				INFOPLIST_KEY_UIApplicationSupportsIndirectInputEvents = YES;
				INFOPLIST_KEY_UILaunchScreen_Generation = YES;
				INFOPLIST_KEY_UISupportedInterfaceOrientations_iPad = "UIInterfaceOrientationPortrait UIInterfaceOrientationPortraitUpsideDown UIInterfaceOrientationLandscapeLeft UIInterfaceOrientationLandscapeRight";
				INFOPLIST_KEY_UISupportedInterfaceOrientations_iPhone = "UIInterfaceOrientationPortrait UIInterfaceOrientationLandscapeLeft UIInterfaceOrientationLandscapeRight";
				LD_RUNPATH_SEARCH_PATHS = (
					"$(inherited)",
					"@executable_path/Frameworks",
				);
				MARKETING_VERSION = 1.0;
				PRODUCT_BUNDLE_IDENTIFIER = adithyaram.heartdiseasepredict;
				PRODUCT_NAME = "$(TARGET_NAME)";
				SWIFT_EMIT_LOC_STRINGS = YES;
				SWIFT_VERSION = 5.0;
				TARGETED_DEVICE_FAMILY = "1,2";
			};
			name = Debug;
		};
		BAAC2EF02D85558F00EC20A9 /* Release */ = {
			isa = XCBuildConfiguration;
			buildSettings = {
				ASSETCATALOG_COMPILER_APPICON_NAME = AppIcon;
				ASSETCATALOG_COMPILER_GLOBAL_ACCENT_COLOR_NAME = AccentColor;
				CODE_SIGN_STYLE = Automatic;
				CURRENT_PROJECT_VERSION = 1;
				DEVELOPMENT_ASSET_PATHS = "\"heartdiseasepredict/Preview Content\"";
				DEVELOPMENT_TEAM = F6T3XX845H;
				ENABLE_PREVIEWS = YES;
				GENERATE_INFOPLIST_FILE = YES;
				INFOPLIST_KEY_UIApplicationSceneManifest_Generation = YES;
				INFOPLIST_KEY_UIApplicationSupportsIndirectInputEvents = YES;
				INFOPLIST_KEY_UILaunchScreen_Generation = YES;
				INFOPLIST_KEY_UISupportedInterfaceOrientations_iPad = "UIInterfaceOrientationPortrait UIInterfaceOrientationPortraitUpsideDown UIInterfaceOrientationLandscapeLeft UIInterfaceOrientationLandscapeRight";
				INFOPLIST_KEY_UISupportedInterfaceOrientations_iPhone = "UIInterfaceOrientationPortrait UIInterfaceOrientationLandscapeLeft UIInterfaceOrientationLandscapeRight";
				LD_RUNPATH_SEARCH_PATHS = (
					"$(inherited)",
					"@executable_path/Frameworks",
				);
				MARKETING_VERSION = 1.0;
				PRODUCT_BUNDLE_IDENTIFIER = adithyaram.heartdiseasepredict;
				PRODUCT_NAME = "$(TARGET_NAME)";
				SWIFT_EMIT_LOC_STRINGS = YES;
				SWIFT_VERSION = 5.0;
				TARGETED_DEVICE_FAMILY = "1,2";
			};
			name = Release;
		};
		BAAC2EF22D85558F00EC20A9 /* Debug */ = {
			isa = XCBuildConfiguration;
			buildSettings = {
				BUNDLE_LOADER = "$(TEST_HOST)";
				CODE_SIGN_STYLE = Automatic;
				CURRENT_PROJECT_VERSION = 1;
				DEVELOPMENT_TEAM = F6T3XX845H;
				GENERATE_INFOPLIST_FILE = YES;
				IPHONEOS_DEPLOYMENT_TARGET = 18.0;
				MARKETING_VERSION = 1.0;
				PRODUCT_BUNDLE_IDENTIFIER = adithyaram.heartdiseasepredictTests;
				PRODUCT_NAME = "$(TARGET_NAME)";
				SWIFT_EMIT_LOC_STRINGS = NO;
				SWIFT_VERSION = 5.0;
				TARGETED_DEVICE_FAMILY = "1,2";
				TEST_HOST = "$(BUILT_PRODUCTS_DIR)/heartdiseasepredict.app/$(BUNDLE_EXECUTABLE_FOLDER_PATH)/heartdiseasepredict";
			};
			name = Debug;
		};
		BAAC2EF32D85558F00EC20A9 /* Release */ = {
			isa = XCBuildConfiguration;
			buildSettings = {
				BUNDLE_LOADER = "$(TEST_HOST)";
				CODE_SIGN_STYLE = Automatic;
				CURRENT_PROJECT_VERSION = 1;
				DEVELOPMENT_TEAM = F6T3XX845H;
				GENERATE_INFOPLIST_FILE = YES;
				IPHONEOS_DEPLOYMENT_TARGET = 18.0;
				MARKETING_VERSION = 1.0;
				PRODUCT_BUNDLE_IDENTIFIER = adithyaram.heartdiseasepredictTests;
				PRODUCT_NAME = "$(TARGET_NAME)";
				SWIFT_EMIT_LOC_STRINGS = NO;
				SWIFT_VERSION = 5.0;
				TARGETED_DEVICE_FAMILY = "1,2";
				TEST_HOST = "$(BUILT_PRODUCTS_DIR)/heartdiseasepredict.app/$(BUNDLE_EXECUTABLE_FOLDER_PATH)/heartdiseasepredict";
			};
			name = Release;
		};
		BAAC2EF52D85558F00EC20A9 /* Debug */ = {
			isa = XCBuildConfiguration;
			buildSettings = {
				CODE_SIGN_STYLE = Automatic;
				CURRENT_PROJECT_VERSION = 1;
				DEVELOPMENT_TEAM = F6T3XX845H;
				GENERATE_INFOPLIST_FILE = YES;
				MARKETING_VERSION = 1.0;
				PRODUCT_BUNDLE_IDENTIFIER = adithyaram.heartdiseasepredictUITests;
				PRODUCT_NAME = "$(TARGET_NAME)";
				SWIFT_EMIT_LOC_STRINGS = NO;
				SWIFT_VERSION = 5.0;
				TARGETED_DEVICE_FAMILY = "1,2";
				TEST_TARGET_NAME = heartdiseasepredict;
			};
			name = Debug;
		};
		BAAC2EF62D85558F00EC20A9 /* Release */ = {
			isa = XCBuildConfiguration;
			buildSettings = {
				CODE_SIGN_STYLE = Automatic;
				CURRENT_PROJECT_VERSION = 1;
				DEVELOPMENT_TEAM = F6T3XX845H;
				GENERATE_INFOPLIST_FILE = YES;
				MARKETING_VERSION = 1.0;
				PRODUCT_BUNDLE_IDENTIFIER = adithyaram.heartdiseasepredictUITests;
				PRODUCT_NAME = "$(TARGET_NAME)";
				SWIFT_EMIT_LOC_STRINGS = NO;
				SWIFT_VERSION = 5.0;
				TARGETED_DEVICE_FAMILY = "1,2";
				TEST_TARGET_NAME = heartdiseasepredict;
			};
			name = Release;
		};
/* End XCBuildConfiguration section */

/* Begin XCConfigurationList section */
		BAAC2EC52D85558E00EC20A9 /* Build configuration list for PBXProject "heartdiseasepredict" */ = {
			isa = XCConfigurationList;
			buildConfigurations = (
				BAAC2EEC2D85558F00EC20A9 /* Debug */,
				BAAC2EED2D85558F00EC20A9 /* Release */,
			);
			defaultConfigurationIsVisible = 0;
			defaultConfigurationName = Release;
		};
		BAAC2EEE2D85558F00EC20A9 /* Build configuration list for PBXNativeTarget "heartdiseasepredict" */ = {
			isa = XCConfigurationList;
			buildConfigurations = (
				BAAC2EEF2D85558F00EC20A9 /* Debug */,
				BAAC2EF02D85558F00EC20A9 /* Release */,
			);
			defaultConfigurationIsVisible = 0;
			defaultConfigurationName = Release;
		};
		BAAC2EF12D85558F00EC20A9 /* Build configuration list for PBXNativeTarget "heartdiseasepredictTests" */ = {
			isa = XCConfigurationList;
			buildConfigurations = (
				BAAC2EF22D85558F00EC20A9 /* Debug */,
				BAAC2EF32D85558F00EC20A9 /* Release */,
			);
			defaultConfigurationIsVisible = 0;
			defaultConfigurationName = Release;
		};
		BAAC2EF42D85558F00EC20A9 /* Build configuration list for PBXNativeTarget "heartdiseasepredictUITests" */ = {
			isa = XCConfigurationList;
			buildConfigurations = (
				BAAC2EF52D85558F00EC20A9 /* Debug */,
				BAAC2EF62D85558F00EC20A9 /* Release */,
			);
			defaultConfigurationIsVisible = 0;
			defaultConfigurationName = Release;
		};
/* End XCConfigurationList section */
	};
	rootObject = BAAC2EC22D85558E00EC20A9 /* Project object */;
}
